
Microsoft Visual Studio Solution File, Format Version 12.00
# Visual Studio Version 17
VisualStudioVersion = 17.14.36121.58 d17.14
MinimumVisualStudioVersion = 10.0.40219.1
Project("{FAE04EC0-301F-11D3-BF4B-00C04F79EFBC}") = "A0_C_Sharp_Code", "A0_C_Sharp_Code\A0_C_Sharp_Code.csproj", "{B08F4340-2E1F-459A-B170-4778C2ABFF88}"
EndProject
Global
	GlobalSection(SolutionConfigurationPlatforms) = preSolution
		Debug|Any CPU = Debug|Any CPU
		Release|Any CPU = Release|Any CPU
	EndGlobalSection
	GlobalSection(ProjectConfigurationPlatforms) = postSolution
		{B08F4340-2E1F-459A-B170-4778C2ABFF88}.Debug|Any CPU.ActiveCfg = Debug|Any CPU
		{B08F4340-2E1F-459A-B170-4778C2ABFF88}.Debug|Any CPU.Build.0 = Debug|Any CPU
		{B08F4340-2E1F-459A-B170-4778C2ABFF88}.Release|Any CPU.ActiveCfg = Release|Any CPU
		{B08F4340-2E1F-459A-B170-4778C2ABFF88}.Release|Any CPU.Build.0 = Release|Any CPU
	EndGlobalSection
	GlobalSection(SolutionProperties) = preSolution
		HideSolutionNode = FALSE
	EndGlobalSection
	GlobalSection(ExtensibilityGlobals) = postSolution
		SolutionGuid = {583CE48C-AED6-42C9-ADE1-1EE5FFEF5A51}
	EndGlobalSection
EndGlobal
